Microsoft Visual Studio Solution File, Format Version 12.00
# Visual Studio Version 17
VisualStudioVersion = 17.5.2.0
MinimumVisualStudioVersion = 10.0.40219.1
Project("{FAE04EC0-301F-11D3-BF4B-00C04F79EFBC}") = "Esports Manager", "Esports Manager.csproj", "{8641ABAA-F471-8444-5FC3-F61FE7EDFADA}"
EndProject
Global
	GlobalSection(SolutionConfigurationPlatforms) = preSolution
		Debug|Any CPU = Debug|Any CPU
		Release|Any CPU = Release|Any CPU
	EndGlobalSection
	GlobalSection(ProjectConfigurationPlatforms) = postSolution
		{8641ABAA-F471-8444-5FC3-F61FE7EDFADA}.Debug|Any CPU.ActiveCfg = Debug|Any CPU
		{8641ABAA-F471-8444-5FC3-F61FE7EDFADA}.Debug|Any CPU.Build.0 = Debug|Any CPU
		{8641ABAA-F471-8444-5FC3-F61FE7EDFADA}.Release|Any CPU.ActiveCfg = Release|Any CPU
		{8641ABAA-F471-8444-5FC3-F61FE7EDFADA}.Release|Any CPU.Build.0 = Release|Any CPU
	EndGlobalSection
	GlobalSection(SolutionProperties) = preSolution
		HideSolutionNode = FALSE
	EndGlobalSection
	GlobalSection(ExtensibilityGlobals) = postSolution
		SolutionGuid = {D2089908-B892-4BE4-B2BC-DBB4E7470AC5}
	EndGlobalSection
EndGlobal
